hash: e3b0c44298fc1c149afbf4c8996fb92427ae41e4649b934ca495991b7852b855
updated: 2015-12-17T16:32:17.625173819-05:00
imports:
- name: github.com/codegangsta/negroni
  version: c7477ad8e330bef55bf1ebe300cf8aa67c492d1b
- name: github.com/davecgh/go-spew
  version: 5215b55f46b2b919f50a1df0eaa5886afe4e3b3d
  repo: https://github.com/davecgh/go-spew
- name: github.com/gorilla/context
  version: 1c83b3eabd45b6d76072b66b746c20815fb2872d
- name: github.com/gorilla/mux
  version: 9c068cf16d982f8bd444b8c352acbeec34c4fe5b
- name: github.com/ianschenck/envflag
  version: 9111d830d133f952887a936367fb0211c3134f0d
- name: github.com/pmezard/go-difflib
  version: e8554b8641db39598be7f6342874b958f12ae1d4
  repo: https://github.com/pmezard/go-difflib
- name: github.com/Sirupsen/logrus
  version: 446d1c146faa8ed3f4218f056fcd165f6bcfda81
- name: github.com/stretchr/graceful
  version: 48afeb21e2fcbcff0f30bd5ad6b97747b0fae38e
- name: github.com/stretchr/objx
  version: 1a9d0bb9f541897e62256577b352fdbc1fb4fd94
- name: github.com/stretchr/testify
  version: e3a8ff8ce36581f87a15341206f205b1da467059
  subpackages:
  - /assert
- name: github.com/tylerb/graceful
  version: 48afeb21e2fcbcff0f30bd5ad6b97747b0fae38e
- name: golang.org/x/crypto
  version: f18420efc3b4f8e9f3d51f6bd2476e92c46260e9
- name: golang.org/x/net
  version: 28273ec927bee3bea305f112fc28ceee575ea893
- name: golang.org/x/text
  version: eab9e05b70da3a6e6a1461f45cf6141929b8f753
- name: gopkg.in/airbrake/gobrake.v2
  version: c9d51adc624b5cc4c1bf8de730a09af4878ffe2d
- name: gopkg.in/gemnasium/logrus-airbrake-hook.v2
  version: 31e6fd4bd5a98d8ee7673d24bc54ec73c31810dd
devImports: []
